# This file was autogenerated by uv via the following command:
#    uv pip compile requirements.txt --output-file requirements.lock
annotated-doc==0.0.5
    # via typer
annotated-types==0.8.0
    # via pydantic
anyio==4.15.1
    # via starlette
ast-serialize==0.11.2
    # via mypy
bcrypt==4.1.3
    # via -r requirements.txt
black==26.5.1
    # via -r requirements.txt
boto3==1.43.103
    # via -r requirements.txt
botocore==1.43.103
    # via
    #   boto3
    #   s3transfer
certifi==2026.7.22
    # via requests
cffi==2.1.1
    # via cryptography
charset-normalizer==3.5.1
    # via requests
click==8.5.0
    # via
    #   black
    #   uvicorn
cryptography==50.0.1
    # via -r requirements.txt
dnspython==2.8.0
    # via
    #   -r requirements.txt
    #   email-validator
    #   pymongo
ecdsa==0.19.2
    # via python-jose
email-validator==2.3.0
    # via -r requirements.txt
execnet==2.1.2
    # via pytest-xdist
fastapi==0.110.1
    # via -r requirements.txt
flake8==7.4.1
    # via -r requirements.txt
h11==0.16.0
    # via uvicorn
idna==3.20
    # via
    #   anyio
    #   email-validator
    #   requests
iniconfig==2.3.0
    # via pytest
isort==9.0.1
    # via -r requirements.txt
jmespath==1.1.0
    # via
    #   boto3
    #   botocore
jq==1.12.0
    # via -r requirements.txt
librt==0.15.0
    # via mypy
markdown-it-py==4.2.0
    # via rich
mccabe==0.7.0
    # via flake8
mdurl==0.1.2
    # via markdown-it-py
motor==3.3.1
    # via -r requirements.txt
mypy==2.3.1
    # via -r requirements.txt
mypy-extensions==1.1.0
    # via
    #   black
    #   isort
    #   mypy
numpy==2.5.3
    # via
    #   -r requirements.txt
    #   pandas
oauthlib==3.3.1
    # via requests-oauthlib
packaging==26.3
    # via
    #   black
    #   pytest
pandas==3.0.6
    # via -r requirements.txt
passlib==1.7.4
    # via -r requirements.txt
pathspec==1.1.1
    # via
    #   black
    #   mypy
platformdirs==4.11.14
    # via black
pluggy==1.6.0
    # via pytest
pyasn1==0.6.4
    # via
    #   python-jose
    #   rsa
pycodestyle==2.15.0
    # via flake8
pycparser==3.0
    # via cffi
pydantic==2.13.5
    # via
    #   -r requirements.txt
    #   fastapi
pydantic-core==2.46.5
    # via pydantic
pyflakes==4.0.0
    # via flake8
pygments==2.21.0
    # via
    #   pytest
    #   rich
pyjwt==2.15.0
    # via -r requirements.txt
pymongo==4.6.3
    # via
    #   -r requirements.txt
    #   motor
pytest==9.1.1
    # via
    #   -r requirements.txt
    #   pytest-xdist
pytest-xdist==3.8.0
    # via -r requirements.txt
python-dateutil==2.9.0.post0
    # via
    #   botocore
    #   pandas
python-dotenv==1.2.3
    # via -r requirements.txt
python-jose==3.5.0
    # via -r requirements.txt
python-multipart==0.0.32
    # via -r requirements.txt
pytokens==0.4.1
    # via black
requests==2.34.2
    # via
    #   -r requirements.txt
    #   requests-oauthlib
requests-oauthlib==2.0.0
    # via -r requirements.txt
rich==15.0.0
    # via typer
rsa==4.9.1
    # via python-jose
s3transfer==0.19.2
    # via boto3
shellingham==1.5.4
    # via typer
six==1.17.0
    # via
    #   ecdsa
    #   python-dateutil
starlette==0.37.2
    # via fastapi
typer==0.27.2
    # via -r requirements.txt
typing-extensions==4.16.0
    # via
    #   anyio
    #   fastapi
    #   mypy
    #   pydantic
    #   pydantic-core
    #   typing-inspection
typing-inspection==0.4.4
    # via pydantic
tzdata==2026.4
    # via -r requirements.txt
urllib3==2.8.0
    # via
    #   botocore
    #   requests
uvicorn==0.25.0
    # via -r requirements.txt
